
Microsoft Visual Studio Solution File, Format Version 12.00
# Visual Studio Version 17
VisualStudioVersion = 17.9.34728.123
MinimumVisualStudioVersion = 10.0.40219.1
Project("{FAE04EC0-301F-11D3-BF4B-00C04F79EFBC}") = "AvgCalc", "AvgCalc.csproj", "{A8D8E960-287C-457C-BAE9-B2BBC07196A0}"
EndProject
Project("{2150E333-8FDC-42A3-9474-1A3956D46DE8}") = "Solution Items", "Solution Items", "{13436754-D07E-4B71-A7E7-9A34C8C9246D}"
	ProjectSection(SolutionItems) = preProject
		AvgCalc.ico = AvgCalc.ico
	EndProjectSection
EndProject
Global
	GlobalSection(SolutionConfigurationPlatforms) = preSolution
		Debug|Any CPU = Debug|Any CPU
		Release|Any CPU = Release|Any CPU
	EndGlobalSection
	GlobalSection(ProjectConfigurationPlatforms) = postSolution
		{A8D8E960-287C-457C-BAE9-B2BBC07196A0}.Debug|Any CPU.ActiveCfg = Debug|Any CPU
		{A8D8E960-287C-457C-BAE9-B2BBC07196A0}.Debug|Any CPU.Build.0 = Debug|Any CPU
		{A8D8E960-287C-457C-BAE9-B2BBC07196A0}.Release|Any CPU.ActiveCfg = Release|Any CPU
		{A8D8E960-287C-457C-BAE9-B2BBC07196A0}.Release|Any CPU.Build.0 = Release|Any CPU
	EndGlobalSection
	GlobalSection(SolutionProperties) = preSolution
		HideSolutionNode = FALSE
	EndGlobalSection
	GlobalSection(ExtensibilityGlobals) = postSolution
		SolutionGuid = {AFE81287-1BD6-464D-B2A8-D75033E49F32}
	EndGlobalSection
EndGlobal
